
Microsoft Visual Studio Solution File, Format Version 12.00
# Visual Studio 14
VisualStudioVersion = 14.0.25420.1
MinimumVisualStudioVersion = 10.0.40219.1
Project("{8BC9CEB8-8B4A-11D0-8D11-00A0C91BC942}") = "copiedPointers", "copiedPointers\copiedPointers.vcxproj", "{3CEB6314-942F-4622-83A7-FE67DA535A2B}"
EndProject
Project("{8BC9CEB8-8B4A-11D0-8D11-00A0C91BC942}") = "ownedPointers", "ownedPointers\ownedPointers.vcxproj", "{D3AC9724-BD57-4655-8D5B-F3C0A5415F69}"
EndProject
Project("{8BC9CEB8-8B4A-11D0-8D11-00A0C91BC942}") = "COWwithRFC", "COWwithRFC\COWwithRFC.vcxproj", "{362AA102-B717-4783-A1C6-C5A75733E843}"
EndProject
Project("{8BC9CEB8-8B4A-11D0-8D11-00A0C91BC942}") = "COWwithRL", "COWwithRL\COWwithRL.vcxproj", "{BEAD3F66-BDFF-41D8-89A6-2EF7EE9A6480}"
EndProject
Global
	GlobalSection(SolutionConfigurationPlatforms) = preSolution
		Debug|x64 = Debug|x64
		Debug|x86 = Debug|x86
		Release|x64 = Release|x64
		Release|x86 = Release|x86
	EndGlobalSection
	GlobalSection(ProjectConfigurationPlatforms) = postSolution
		{3CEB6314-942F-4622-83A7-FE67DA535A2B}.Debug|x64.ActiveCfg = Debug|x64
		{3CEB6314-942F-4622-83A7-FE67DA535A2B}.Debug|x64.Build.0 = Debug|x64
		{3CEB6314-942F-4622-83A7-FE67DA535A2B}.Debug|x86.ActiveCfg = Debug|Win32
		{3CEB6314-942F-4622-83A7-FE67DA535A2B}.Debug|x86.Build.0 = Debug|Win32
		{3CEB6314-942F-4622-83A7-FE67DA535A2B}.Release|x64.ActiveCfg = Release|x64
		{3CEB6314-942F-4622-83A7-FE67DA535A2B}.Release|x64.Build.0 = Release|x64
		{3CEB6314-942F-4622-83A7-FE67DA535A2B}.Release|x86.ActiveCfg = Release|Win32
		{3CEB6314-942F-4622-83A7-FE67DA535A2B}.Release|x86.Build.0 = Release|Win32
		{D3AC9724-BD57-4655-8D5B-F3C0A5415F69}.Debug|x64.ActiveCfg = Debug|x64
		{D3AC9724-BD57-4655-8D5B-F3C0A5415F69}.Debug|x64.Build.0 = Debug|x64
		{D3AC9724-BD57-4655-8D5B-F3C0A5415F69}.Debug|x86.ActiveCfg = Debug|Win32
		{D3AC9724-BD57-4655-8D5B-F3C0A5415F69}.Debug|x86.Build.0 = Debug|Win32
		{D3AC9724-BD57-4655-8D5B-F3C0A5415F69}.Release|x64.ActiveCfg = Release|x64
		{D3AC9724-BD57-4655-8D5B-F3C0A5415F69}.Release|x64.Build.0 = Release|x64
		{D3AC9724-BD57-4655-8D5B-F3C0A5415F69}.Release|x86.ActiveCfg = Release|Win32
		{D3AC9724-BD57-4655-8D5B-F3C0A5415F69}.Release|x86.Build.0 = Release|Win32
		{362AA102-B717-4783-A1C6-C5A75733E843}.Debug|x64.ActiveCfg = Debug|x64
		{362AA102-B717-4783-A1C6-C5A75733E843}.Debug|x64.Build.0 = Debug|x64
		{362AA102-B717-4783-A1C6-C5A75733E843}.Debug|x86.ActiveCfg = Debug|Win32
		{362AA102-B717-4783-A1C6-C5A75733E843}.Debug|x86.Build.0 = Debug|Win32
		{362AA102-B717-4783-A1C6-C5A75733E843}.Release|x64.ActiveCfg = Release|x64
		{362AA102-B717-4783-A1C6-C5A75733E843}.Release|x64.Build.0 = Release|x64
		{362AA102-B717-4783-A1C6-C5A75733E843}.Release|x86.ActiveCfg = Release|Win32
		{362AA102-B717-4783-A1C6-C5A75733E843}.Release|x86.Build.0 = Release|Win32
		{BEAD3F66-BDFF-41D8-89A6-2EF7EE9A6480}.Debug|x64.ActiveCfg = Debug|x64
		{BEAD3F66-BDFF-41D8-89A6-2EF7EE9A6480}.Debug|x64.Build.0 = Debug|x64
		{BEAD3F66-BDFF-41D8-89A6-2EF7EE9A6480}.Debug|x86.ActiveCfg = Debug|Win32
		{BEAD3F66-BDFF-41D8-89A6-2EF7EE9A6480}.Debug|x86.Build.0 = Debug|Win32
		{BEAD3F66-BDFF-41D8-89A6-2EF7EE9A6480}.Release|x64.ActiveCfg = Release|x64
		{BEAD3F66-BDFF-41D8-89A6-2EF7EE9A6480}.Release|x64.Build.0 = Release|x64
		{BEAD3F66-BDFF-41D8-89A6-2EF7EE9A6480}.Release|x86.ActiveCfg = Release|Win32
		{BEAD3F66-BDFF-41D8-89A6-2EF7EE9A6480}.Release|x86.Build.0 = Release|Win32
	EndGlobalSection
	GlobalSection(SolutionProperties) = preSolution
		HideSolutionNode = FALSE
	EndGlobalSection
EndGlobal
